Microsoft Visual Studio Solution File, Format Version 12.00
# Visual Studio Version 17
VisualStudioVersion = 17.5.2.0
MinimumVisualStudioVersion = 10.0.40219.1
Project("{FAE04EC0-301F-11D3-BF4B-00C04F79EFBC}") = "ProjetoMVC", "ProjetoMVC.csproj", "{D774DF2D-247D-36C1-2877-D179849BB466}"
EndProject
Global
	GlobalSection(SolutionConfigurationPlatforms) = preSolution
		Debug|Any CPU = Debug|Any CPU
		Release|Any CPU = Release|Any CPU
	EndGlobalSection
	GlobalSection(ProjectConfigurationPlatforms) = postSolution
		{D774DF2D-247D-36C1-2877-D179849BB466}.Debug|Any CPU.ActiveCfg = Debug|Any CPU
		{D774DF2D-247D-36C1-2877-D179849BB466}.Debug|Any CPU.Build.0 = Debug|Any CPU
		{D774DF2D-247D-36C1-2877-D179849BB466}.Release|Any CPU.ActiveCfg = Release|Any CPU
		{D774DF2D-247D-36C1-2877-D179849BB466}.Release|Any CPU.Build.0 = Release|Any CPU
	EndGlobalSection
	GlobalSection(SolutionProperties) = preSolution
		HideSolutionNode = FALSE
	EndGlobalSection
	GlobalSection(ExtensibilityGlobals) = postSolution
		SolutionGuid = {3250259E-4CBE-4F37-9113-EEDDCF74FA67}
	EndGlobalSection
EndGlobal
